
Microsoft Visual Studio Solution File, Format Version 12.00
# Visual Studio 15
VisualStudioVersion = 15.0.28307.489
MinimumVisualStudioVersion = 10.0.40219.1
Project("{8BC9CEB8-8B4A-11D0-8D11-00A0C91BC942}") = "PrimeArrangements", "PrimeArrangements\PrimeArrangements.vcxproj", "{A9B85A1C-F3A7-4947-BA7E-F2FB32DEE657}"
EndProject
Global
	GlobalSection(SolutionConfigurationPlatforms) = preSolution
		Debug|x64 = Debug|x64
		Debug|x86 = Debug|x86
		Release|x64 = Release|x64
		Release|x86 = Release|x86
	EndGlobalSection
	GlobalSection(ProjectConfigurationPlatforms) = postSolution
		{A9B85A1C-F3A7-4947-BA7E-F2FB32DEE657}.Debug|x64.ActiveCfg = Debug|x64
		{A9B85A1C-F3A7-4947-BA7E-F2FB32DEE657}.Debug|x64.Build.0 = Debug|x64
		{A9B85A1C-F3A7-4947-BA7E-F2FB32DEE657}.Debug|x86.ActiveCfg = Debug|Win32
		{A9B85A1C-F3A7-4947-BA7E-F2FB32DEE657}.Debug|x86.Build.0 = Debug|Win32
		{A9B85A1C-F3A7-4947-BA7E-F2FB32DEE657}.Release|x64.ActiveCfg = Release|x64
		{A9B85A1C-F3A7-4947-BA7E-F2FB32DEE657}.Release|x64.Build.0 = Release|x64
		{A9B85A1C-F3A7-4947-BA7E-F2FB32DEE657}.Release|x86.ActiveCfg = Release|Win32
		{A9B85A1C-F3A7-4947-BA7E-F2FB32DEE657}.Release|x86.Build.0 = Release|Win32
	EndGlobalSection
	GlobalSection(SolutionProperties) = preSolution
		HideSolutionNode = FALSE
	EndGlobalSection
	GlobalSection(ExtensibilityGlobals) = postSolution
		SolutionGuid = {07EB8364-26E8-4BAA-B6C7-D5473324B3A9}
	EndGlobalSection
EndGlobal
