
Microsoft Visual Studio Solution File, Format Version 12.00
# Visual Studio 15
VisualStudioVersion = 15.0.28307.489
MinimumVisualStudioVersion = 10.0.40219.1
Project("{8BC9CEB8-8B4A-11D0-8D11-00A0C91BC942}") = "PalindromeLinkedList", "PalindromeLinkedList\PalindromeLinkedList.vcxproj", "{A814B2AD-B7B2-4B3B-AEB2-6A2118CCFAF2}"
EndProject
Global
	GlobalSection(SolutionConfigurationPlatforms) = preSolution
		Debug|x64 = Debug|x64
		Debug|x86 = Debug|x86
		Release|x64 = Release|x64
		Release|x86 = Release|x86
	EndGlobalSection
	GlobalSection(ProjectConfigurationPlatforms) = postSolution
		{A814B2AD-B7B2-4B3B-AEB2-6A2118CCFAF2}.Debug|x64.ActiveCfg = Debug|x64
		{A814B2AD-B7B2-4B3B-AEB2-6A2118CCFAF2}.Debug|x64.Build.0 = Debug|x64
		{A814B2AD-B7B2-4B3B-AEB2-6A2118CCFAF2}.Debug|x86.ActiveCfg = Debug|Win32
		{A814B2AD-B7B2-4B3B-AEB2-6A2118CCFAF2}.Debug|x86.Build.0 = Debug|Win32
		{A814B2AD-B7B2-4B3B-AEB2-6A2118CCFAF2}.Release|x64.ActiveCfg = Release|x64
		{A814B2AD-B7B2-4B3B-AEB2-6A2118CCFAF2}.Release|x64.Build.0 = Release|x64
		{A814B2AD-B7B2-4B3B-AEB2-6A2118CCFAF2}.Release|x86.ActiveCfg = Release|Win32
		{A814B2AD-B7B2-4B3B-AEB2-6A2118CCFAF2}.Release|x86.Build.0 = Release|Win32
	EndGlobalSection
	GlobalSection(SolutionProperties) = preSolution
		HideSolutionNode = FALSE
	EndGlobalSection
	GlobalSection(ExtensibilityGlobals) = postSolution
		SolutionGuid = {07DED747-C798-4109-8272-D896FCAE359B}
	EndGlobalSection
EndGlobal
