
Microsoft Visual Studio Solution File, Format Version 12.00
# Visual Studio 15
VisualStudioVersion = 15.0.28307.489
MinimumVisualStudioVersion = 10.0.40219.1
Project("{8BC9CEB8-8B4A-11D0-8D11-00A0C91BC942}") = "RepeatingSubstringPattern", "RepeatingSubstringPattern\RepeatingSubstringPattern.vcxproj", "{6BE745B8-AAE4-443E-8458-AE6E3E3A5038}"
EndProject
Global
	GlobalSection(SolutionConfigurationPlatforms) = preSolution
		Debug|x64 = Debug|x64
		Debug|x86 = Debug|x86
		Release|x64 = Release|x64
		Release|x86 = Release|x86
	EndGlobalSection
	GlobalSection(ProjectConfigurationPlatforms) = postSolution
		{6BE745B8-AAE4-443E-8458-AE6E3E3A5038}.Debug|x64.ActiveCfg = Debug|x64
		{6BE745B8-AAE4-443E-8458-AE6E3E3A5038}.Debug|x64.Build.0 = Debug|x64
		{6BE745B8-AAE4-443E-8458-AE6E3E3A5038}.Debug|x86.ActiveCfg = Debug|Win32
		{6BE745B8-AAE4-443E-8458-AE6E3E3A5038}.Debug|x86.Build.0 = Debug|Win32
		{6BE745B8-AAE4-443E-8458-AE6E3E3A5038}.Release|x64.ActiveCfg = Release|x64
		{6BE745B8-AAE4-443E-8458-AE6E3E3A5038}.Release|x64.Build.0 = Release|x64
		{6BE745B8-AAE4-443E-8458-AE6E3E3A5038}.Release|x86.ActiveCfg = Release|Win32
		{6BE745B8-AAE4-443E-8458-AE6E3E3A5038}.Release|x86.Build.0 = Release|Win32
	EndGlobalSection
	GlobalSection(SolutionProperties) = preSolution
		HideSolutionNode = FALSE
	EndGlobalSection
	GlobalSection(ExtensibilityGlobals) = postSolution
		SolutionGuid = {7ADE2B98-DD9C-43FB-A416-5CCF603B0392}
	EndGlobalSection
EndGlobal
