
Microsoft Visual Studio Solution File, Format Version 12.00
# Visual Studio 15
VisualStudioVersion = 15.0.28307.489
MinimumVisualStudioVersion = 10.0.40219.1
Project("{8BC9CEB8-8B4A-11D0-8D11-00A0C91BC942}") = "IslandPerimeter", "IslandPerimeter\IslandPerimeter.vcxproj", "{027301BE-5A22-4A91-B3BB-CC8007C2BD55}"
EndProject
Global
	GlobalSection(SolutionConfigurationPlatforms) = preSolution
		Debug|x64 = Debug|x64
		Debug|x86 = Debug|x86
		Release|x64 = Release|x64
		Release|x86 = Release|x86
	EndGlobalSection
	GlobalSection(ProjectConfigurationPlatforms) = postSolution
		{027301BE-5A22-4A91-B3BB-CC8007C2BD55}.Debug|x64.ActiveCfg = Debug|x64
		{027301BE-5A22-4A91-B3BB-CC8007C2BD55}.Debug|x64.Build.0 = Debug|x64
		{027301BE-5A22-4A91-B3BB-CC8007C2BD55}.Debug|x86.ActiveCfg = Debug|Win32
		{027301BE-5A22-4A91-B3BB-CC8007C2BD55}.Debug|x86.Build.0 = Debug|Win32
		{027301BE-5A22-4A91-B3BB-CC8007C2BD55}.Release|x64.ActiveCfg = Release|x64
		{027301BE-5A22-4A91-B3BB-CC8007C2BD55}.Release|x64.Build.0 = Release|x64
		{027301BE-5A22-4A91-B3BB-CC8007C2BD55}.Release|x86.ActiveCfg = Release|Win32
		{027301BE-5A22-4A91-B3BB-CC8007C2BD55}.Release|x86.Build.0 = Release|Win32
	EndGlobalSection
	GlobalSection(SolutionProperties) = preSolution
		HideSolutionNode = FALSE
	EndGlobalSection
	GlobalSection(ExtensibilityGlobals) = postSolution
		SolutionGuid = {3D3CE545-C2A1-4B18-96AE-733C4265A308}
	EndGlobalSection
EndGlobal
