
Microsoft Visual Studio Solution File, Format Version 12.00
# Visual Studio 15
VisualStudioVersion = 15.0.28307.489
MinimumVisualStudioVersion = 10.0.40219.1
Project("{8BC9CEB8-8B4A-11D0-8D11-00A0C91BC942}") = "CountPrimes", "CountPrimes\CountPrimes.vcxproj", "{F93A2872-A465-47D9-8B52-F4862269A30D}"
EndProject
Global
	GlobalSection(SolutionConfigurationPlatforms) = preSolution
		Debug|x64 = Debug|x64
		Debug|x86 = Debug|x86
		Release|x64 = Release|x64
		Release|x86 = Release|x86
	EndGlobalSection
	GlobalSection(ProjectConfigurationPlatforms) = postSolution
		{F93A2872-A465-47D9-8B52-F4862269A30D}.Debug|x64.ActiveCfg = Debug|x64
		{F93A2872-A465-47D9-8B52-F4862269A30D}.Debug|x64.Build.0 = Debug|x64
		{F93A2872-A465-47D9-8B52-F4862269A30D}.Debug|x86.ActiveCfg = Debug|Win32
		{F93A2872-A465-47D9-8B52-F4862269A30D}.Debug|x86.Build.0 = Debug|Win32
		{F93A2872-A465-47D9-8B52-F4862269A30D}.Release|x64.ActiveCfg = Release|x64
		{F93A2872-A465-47D9-8B52-F4862269A30D}.Release|x64.Build.0 = Release|x64
		{F93A2872-A465-47D9-8B52-F4862269A30D}.Release|x86.ActiveCfg = Release|Win32
		{F93A2872-A465-47D9-8B52-F4862269A30D}.Release|x86.Build.0 = Release|Win32
	EndGlobalSection
	GlobalSection(SolutionProperties) = preSolution
		HideSolutionNode = FALSE
	EndGlobalSection
	GlobalSection(ExtensibilityGlobals) = postSolution
		SolutionGuid = {1AAF4EBE-6C66-45B0-969B-5E331C9395D7}
	EndGlobalSection
EndGlobal
