
Microsoft Visual Studio Solution File, Format Version 12.00
# Visual Studio 15
VisualStudioVersion = 15.0.28307.489
MinimumVisualStudioVersion = 10.0.40219.1
Project("{8BC9CEB8-8B4A-11D0-8D11-00A0C91BC942}") = "LargestTriangleArea", "LargestTriangleArea\LargestTriangleArea.vcxproj", "{CDBF6787-B47C-4D9F-A80B-4552868D4859}"
EndProject
Global
	GlobalSection(SolutionConfigurationPlatforms) = preSolution
		Debug|x64 = Debug|x64
		Debug|x86 = Debug|x86
		Release|x64 = Release|x64
		Release|x86 = Release|x86
	EndGlobalSection
	GlobalSection(ProjectConfigurationPlatforms) = postSolution
		{CDBF6787-B47C-4D9F-A80B-4552868D4859}.Debug|x64.ActiveCfg = Debug|x64
		{CDBF6787-B47C-4D9F-A80B-4552868D4859}.Debug|x64.Build.0 = Debug|x64
		{CDBF6787-B47C-4D9F-A80B-4552868D4859}.Debug|x86.ActiveCfg = Debug|Win32
		{CDBF6787-B47C-4D9F-A80B-4552868D4859}.Debug|x86.Build.0 = Debug|Win32
		{CDBF6787-B47C-4D9F-A80B-4552868D4859}.Release|x64.ActiveCfg = Release|x64
		{CDBF6787-B47C-4D9F-A80B-4552868D4859}.Release|x64.Build.0 = Release|x64
		{CDBF6787-B47C-4D9F-A80B-4552868D4859}.Release|x86.ActiveCfg = Release|Win32
		{CDBF6787-B47C-4D9F-A80B-4552868D4859}.Release|x86.Build.0 = Release|Win32
	EndGlobalSection
	GlobalSection(SolutionProperties) = preSolution
		HideSolutionNode = FALSE
	EndGlobalSection
	GlobalSection(ExtensibilityGlobals) = postSolution
		SolutionGuid = {C6AEEDCB-5E05-4531-B8FD-843D1686EB46}
	EndGlobalSection
EndGlobal
