
Microsoft Visual Studio Solution File, Format Version 12.00
# Visual Studio 15
VisualStudioVersion = 15.0.28307.489
MinimumVisualStudioVersion = 10.0.40219.1
Project("{8BC9CEB8-8B4A-11D0-8D11-00A0C91BC942}") = "CombineTwoTables", "CombineTwoTables\CombineTwoTables.vcxproj", "{8FA204F7-B4E0-4777-AFE5-5851516A024A}"
EndProject
Global
	GlobalSection(SolutionConfigurationPlatforms) = preSolution
		Debug|x64 = Debug|x64
		Debug|x86 = Debug|x86
		Release|x64 = Release|x64
		Release|x86 = Release|x86
	EndGlobalSection
	GlobalSection(ProjectConfigurationPlatforms) = postSolution
		{8FA204F7-B4E0-4777-AFE5-5851516A024A}.Debug|x64.ActiveCfg = Debug|x64
		{8FA204F7-B4E0-4777-AFE5-5851516A024A}.Debug|x64.Build.0 = Debug|x64
		{8FA204F7-B4E0-4777-AFE5-5851516A024A}.Debug|x86.ActiveCfg = Debug|Win32
		{8FA204F7-B4E0-4777-AFE5-5851516A024A}.Debug|x86.Build.0 = Debug|Win32
		{8FA204F7-B4E0-4777-AFE5-5851516A024A}.Release|x64.ActiveCfg = Release|x64
		{8FA204F7-B4E0-4777-AFE5-5851516A024A}.Release|x64.Build.0 = Release|x64
		{8FA204F7-B4E0-4777-AFE5-5851516A024A}.Release|x86.ActiveCfg = Release|Win32
		{8FA204F7-B4E0-4777-AFE5-5851516A024A}.Release|x86.Build.0 = Release|Win32
	EndGlobalSection
	GlobalSection(SolutionProperties) = preSolution
		HideSolutionNode = FALSE
	EndGlobalSection
	GlobalSection(ExtensibilityGlobals) = postSolution
		SolutionGuid = {DB7D3D40-3B9F-4A77-A5C0-7502B47D84FE}
	EndGlobalSection
EndGlobal
