
Microsoft Visual Studio Solution File, Format Version 12.00
# Visual Studio 15
VisualStudioVersion = 15.0.28307.489
MinimumVisualStudioVersion = 10.0.40219.1
Project("{8BC9CEB8-8B4A-11D0-8D11-00A0C91BC942}") = "NimGame", "NimGame\NimGame.vcxproj", "{D9399366-A2C4-4BC4-8BF8-7F47697E9573}"
EndProject
Global
	GlobalSection(SolutionConfigurationPlatforms) = preSolution
		Debug|x64 = Debug|x64
		Debug|x86 = Debug|x86
		Release|x64 = Release|x64
		Release|x86 = Release|x86
	EndGlobalSection
	GlobalSection(ProjectConfigurationPlatforms) = postSolution
		{D9399366-A2C4-4BC4-8BF8-7F47697E9573}.Debug|x64.ActiveCfg = Debug|x64
		{D9399366-A2C4-4BC4-8BF8-7F47697E9573}.Debug|x64.Build.0 = Debug|x64
		{D9399366-A2C4-4BC4-8BF8-7F47697E9573}.Debug|x86.ActiveCfg = Debug|Win32
		{D9399366-A2C4-4BC4-8BF8-7F47697E9573}.Debug|x86.Build.0 = Debug|Win32
		{D9399366-A2C4-4BC4-8BF8-7F47697E9573}.Release|x64.ActiveCfg = Release|x64
		{D9399366-A2C4-4BC4-8BF8-7F47697E9573}.Release|x64.Build.0 = Release|x64
		{D9399366-A2C4-4BC4-8BF8-7F47697E9573}.Release|x86.ActiveCfg = Release|Win32
		{D9399366-A2C4-4BC4-8BF8-7F47697E9573}.Release|x86.Build.0 = Release|Win32
	EndGlobalSection
	GlobalSection(SolutionProperties) = preSolution
		HideSolutionNode = FALSE
	EndGlobalSection
	GlobalSection(ExtensibilityGlobals) = postSolution
		SolutionGuid = {CAD827CE-C3EE-4124-9C38-8FF4D4C15D55}
	EndGlobalSection
EndGlobal
