
Microsoft Visual Studio Solution File, Format Version 12.00
# Visual Studio 15
VisualStudioVersion = 15.0.28307.489
MinimumVisualStudioVersion = 10.0.40219.1
Project("{8BC9CEB8-8B4A-11D0-8D11-00A0C91BC942}") = "Heaters", "Heaters\Heaters.vcxproj", "{348A818E-BA68-4915-8F2E-76B9DC7BF139}"
EndProject
Global
	GlobalSection(SolutionConfigurationPlatforms) = preSolution
		Debug|x64 = Debug|x64
		Debug|x86 = Debug|x86
		Release|x64 = Release|x64
		Release|x86 = Release|x86
	EndGlobalSection
	GlobalSection(ProjectConfigurationPlatforms) = postSolution
		{348A818E-BA68-4915-8F2E-76B9DC7BF139}.Debug|x64.ActiveCfg = Debug|x64
		{348A818E-BA68-4915-8F2E-76B9DC7BF139}.Debug|x64.Build.0 = Debug|x64
		{348A818E-BA68-4915-8F2E-76B9DC7BF139}.Debug|x86.ActiveCfg = Debug|Win32
		{348A818E-BA68-4915-8F2E-76B9DC7BF139}.Debug|x86.Build.0 = Debug|Win32
		{348A818E-BA68-4915-8F2E-76B9DC7BF139}.Release|x64.ActiveCfg = Release|x64
		{348A818E-BA68-4915-8F2E-76B9DC7BF139}.Release|x64.Build.0 = Release|x64
		{348A818E-BA68-4915-8F2E-76B9DC7BF139}.Release|x86.ActiveCfg = Release|Win32
		{348A818E-BA68-4915-8F2E-76B9DC7BF139}.Release|x86.Build.0 = Release|Win32
	EndGlobalSection
	GlobalSection(SolutionProperties) = preSolution
		HideSolutionNode = FALSE
	EndGlobalSection
	GlobalSection(ExtensibilityGlobals) = postSolution
		SolutionGuid = {B21FDB24-D5C7-47B1-B229-EFEA2C0F5662}
	EndGlobalSection
EndGlobal
