
Microsoft Visual Studio Solution File, Format Version 12.00
# Visual Studio 15
VisualStudioVersion = 15.0.28307.489
MinimumVisualStudioVersion = 10.0.40219.1
Project("{8BC9CEB8-8B4A-11D0-8D11-00A0C91BC942}") = "PositionsOfLargeGroups", "PositionsOfLargeGroups\PositionsOfLargeGroups.vcxproj", "{75CB0A1A-B238-4D55-B2EA-1BB241582C15}"
EndProject
Global
	GlobalSection(SolutionConfigurationPlatforms) = preSolution
		Debug|x64 = Debug|x64
		Debug|x86 = Debug|x86
		Release|x64 = Release|x64
		Release|x86 = Release|x86
	EndGlobalSection
	GlobalSection(ProjectConfigurationPlatforms) = postSolution
		{75CB0A1A-B238-4D55-B2EA-1BB241582C15}.Debug|x64.ActiveCfg = Debug|x64
		{75CB0A1A-B238-4D55-B2EA-1BB241582C15}.Debug|x64.Build.0 = Debug|x64
		{75CB0A1A-B238-4D55-B2EA-1BB241582C15}.Debug|x86.ActiveCfg = Debug|Win32
		{75CB0A1A-B238-4D55-B2EA-1BB241582C15}.Debug|x86.Build.0 = Debug|Win32
		{75CB0A1A-B238-4D55-B2EA-1BB241582C15}.Release|x64.ActiveCfg = Release|x64
		{75CB0A1A-B238-4D55-B2EA-1BB241582C15}.Release|x64.Build.0 = Release|x64
		{75CB0A1A-B238-4D55-B2EA-1BB241582C15}.Release|x86.ActiveCfg = Release|Win32
		{75CB0A1A-B238-4D55-B2EA-1BB241582C15}.Release|x86.Build.0 = Release|Win32
	EndGlobalSection
	GlobalSection(SolutionProperties) = preSolution
		HideSolutionNode = FALSE
	EndGlobalSection
	GlobalSection(ExtensibilityGlobals) = postSolution
		SolutionGuid = {0427B79B-C2E7-4E6A-9752-D81618872A38}
	EndGlobalSection
EndGlobal
