
Microsoft Visual Studio Solution File, Format Version 12.00
# Visual Studio 15
VisualStudioVersion = 15.0.28307.489
MinimumVisualStudioVersion = 10.0.40219.1
Project("{8BC9CEB8-8B4A-11D0-8D11-00A0C91BC942}") = "AddBinary", "AddBinary\AddBinary.vcxproj", "{06D1863F-599D-4FD0-BFF3-CB1CA637D4C0}"
EndProject
Global
	GlobalSection(SolutionConfigurationPlatforms) = preSolution
		Debug|x64 = Debug|x64
		Debug|x86 = Debug|x86
		Release|x64 = Release|x64
		Release|x86 = Release|x86
	EndGlobalSection
	GlobalSection(ProjectConfigurationPlatforms) = postSolution
		{06D1863F-599D-4FD0-BFF3-CB1CA637D4C0}.Debug|x64.ActiveCfg = Debug|x64
		{06D1863F-599D-4FD0-BFF3-CB1CA637D4C0}.Debug|x64.Build.0 = Debug|x64
		{06D1863F-599D-4FD0-BFF3-CB1CA637D4C0}.Debug|x86.ActiveCfg = Debug|Win32
		{06D1863F-599D-4FD0-BFF3-CB1CA637D4C0}.Debug|x86.Build.0 = Debug|Win32
		{06D1863F-599D-4FD0-BFF3-CB1CA637D4C0}.Release|x64.ActiveCfg = Release|x64
		{06D1863F-599D-4FD0-BFF3-CB1CA637D4C0}.Release|x64.Build.0 = Release|x64
		{06D1863F-599D-4FD0-BFF3-CB1CA637D4C0}.Release|x86.ActiveCfg = Release|Win32
		{06D1863F-599D-4FD0-BFF3-CB1CA637D4C0}.Release|x86.Build.0 = Release|Win32
	EndGlobalSection
	GlobalSection(SolutionProperties) = preSolution
		HideSolutionNode = FALSE
	EndGlobalSection
	GlobalSection(ExtensibilityGlobals) = postSolution
		SolutionGuid = {BF7963B3-BD79-4716-B260-A312179D262E}
	EndGlobalSection
EndGlobal
