
Microsoft Visual Studio Solution File, Format Version 12.00
# Visual Studio 15
VisualStudioVersion = 15.0.28307.489
MinimumVisualStudioVersion = 10.0.40219.1
Project("{8BC9CEB8-8B4A-11D0-8D11-00A0C91BC942}") = "ProjectionAreaOf3DShapes", "ProjectionAreaOf3DShapes\ProjectionAreaOf3DShapes.vcxproj", "{BB1FCEB5-42E0-432D-B18F-5F942B81BB84}"
EndProject
Global
	GlobalSection(SolutionConfigurationPlatforms) = preSolution
		Debug|x64 = Debug|x64
		Debug|x86 = Debug|x86
		Release|x64 = Release|x64
		Release|x86 = Release|x86
	EndGlobalSection
	GlobalSection(ProjectConfigurationPlatforms) = postSolution
		{BB1FCEB5-42E0-432D-B18F-5F942B81BB84}.Debug|x64.ActiveCfg = Debug|x64
		{BB1FCEB5-42E0-432D-B18F-5F942B81BB84}.Debug|x64.Build.0 = Debug|x64
		{BB1FCEB5-42E0-432D-B18F-5F942B81BB84}.Debug|x86.ActiveCfg = Debug|Win32
		{BB1FCEB5-42E0-432D-B18F-5F942B81BB84}.Debug|x86.Build.0 = Debug|Win32
		{BB1FCEB5-42E0-432D-B18F-5F942B81BB84}.Release|x64.ActiveCfg = Release|x64
		{BB1FCEB5-42E0-432D-B18F-5F942B81BB84}.Release|x64.Build.0 = Release|x64
		{BB1FCEB5-42E0-432D-B18F-5F942B81BB84}.Release|x86.ActiveCfg = Release|Win32
		{BB1FCEB5-42E0-432D-B18F-5F942B81BB84}.Release|x86.Build.0 = Release|Win32
	EndGlobalSection
	GlobalSection(SolutionProperties) = preSolution
		HideSolutionNode = FALSE
	EndGlobalSection
	GlobalSection(ExtensibilityGlobals) = postSolution
		SolutionGuid = {FCEEB385-66E6-47CF-A14F-076DEE4800DC}
	EndGlobalSection
EndGlobal
