
Microsoft Visual Studio Solution File, Format Version 12.00
# Visual Studio 15
VisualStudioVersion = 15.0.28307.489
MinimumVisualStudioVersion = 10.0.40219.1
Project("{8BC9CEB8-8B4A-11D0-8D11-00A0C91BC942}") = "NthTribonacciNumber", "NthTribonacciNumber\NthTribonacciNumber.vcxproj", "{444D47C2-EDF6-4A9D-A84E-44C426BDF3ED}"
EndProject
Global
	GlobalSection(SolutionConfigurationPlatforms) = preSolution
		Debug|x64 = Debug|x64
		Debug|x86 = Debug|x86
		Release|x64 = Release|x64
		Release|x86 = Release|x86
	EndGlobalSection
	GlobalSection(ProjectConfigurationPlatforms) = postSolution
		{444D47C2-EDF6-4A9D-A84E-44C426BDF3ED}.Debug|x64.ActiveCfg = Debug|x64
		{444D47C2-EDF6-4A9D-A84E-44C426BDF3ED}.Debug|x64.Build.0 = Debug|x64
		{444D47C2-EDF6-4A9D-A84E-44C426BDF3ED}.Debug|x86.ActiveCfg = Debug|Win32
		{444D47C2-EDF6-4A9D-A84E-44C426BDF3ED}.Debug|x86.Build.0 = Debug|Win32
		{444D47C2-EDF6-4A9D-A84E-44C426BDF3ED}.Release|x64.ActiveCfg = Release|x64
		{444D47C2-EDF6-4A9D-A84E-44C426BDF3ED}.Release|x64.Build.0 = Release|x64
		{444D47C2-EDF6-4A9D-A84E-44C426BDF3ED}.Release|x86.ActiveCfg = Release|Win32
		{444D47C2-EDF6-4A9D-A84E-44C426BDF3ED}.Release|x86.Build.0 = Release|Win32
	EndGlobalSection
	GlobalSection(SolutionProperties) = preSolution
		HideSolutionNode = FALSE
	EndGlobalSection
	GlobalSection(ExtensibilityGlobals) = postSolution
		SolutionGuid = {4877DB0E-1A02-4E5E-808A-5730E8FE0F7F}
	EndGlobalSection
EndGlobal
