
Microsoft Visual Studio Solution File, Format Version 12.00
# Visual Studio 15
VisualStudioVersion = 15.0.28307.489
MinimumVisualStudioVersion = 10.0.40219.1
Project("{8BC9CEB8-8B4A-11D0-8D11-00A0C91BC942}") = "ConstructTheRectangle", "ConstructTheRectangle\ConstructTheRectangle.vcxproj", "{735E0386-82E8-4C47-9FDC-539FC9AB3008}"
EndProject
Global
	GlobalSection(SolutionConfigurationPlatforms) = preSolution
		Debug|x64 = Debug|x64
		Debug|x86 = Debug|x86
		Release|x64 = Release|x64
		Release|x86 = Release|x86
	EndGlobalSection
	GlobalSection(ProjectConfigurationPlatforms) = postSolution
		{735E0386-82E8-4C47-9FDC-539FC9AB3008}.Debug|x64.ActiveCfg = Debug|x64
		{735E0386-82E8-4C47-9FDC-539FC9AB3008}.Debug|x64.Build.0 = Debug|x64
		{735E0386-82E8-4C47-9FDC-539FC9AB3008}.Debug|x86.ActiveCfg = Debug|Win32
		{735E0386-82E8-4C47-9FDC-539FC9AB3008}.Debug|x86.Build.0 = Debug|Win32
		{735E0386-82E8-4C47-9FDC-539FC9AB3008}.Release|x64.ActiveCfg = Release|x64
		{735E0386-82E8-4C47-9FDC-539FC9AB3008}.Release|x64.Build.0 = Release|x64
		{735E0386-82E8-4C47-9FDC-539FC9AB3008}.Release|x86.ActiveCfg = Release|Win32
		{735E0386-82E8-4C47-9FDC-539FC9AB3008}.Release|x86.Build.0 = Release|Win32
	EndGlobalSection
	GlobalSection(SolutionProperties) = preSolution
		HideSolutionNode = FALSE
	EndGlobalSection
	GlobalSection(ExtensibilityGlobals) = postSolution
		SolutionGuid = {B9FFD36E-B4F0-4527-9CE4-3CB0641DD388}
	EndGlobalSection
EndGlobal
