
Microsoft Visual Studio Solution File, Format Version 12.00
# Visual Studio 15
VisualStudioVersion = 15.0.28307.489
MinimumVisualStudioVersion = 10.0.40219.1
Project("{8BC9CEB8-8B4A-11D0-8D11-00A0C91BC942}") = "MiddleOfLinkedList", "MiddleOfLinkedList\MiddleOfLinkedList.vcxproj", "{45D25188-7AB8-4490-9DAB-DA9091A5EA08}"
EndProject
Global
	GlobalSection(SolutionConfigurationPlatforms) = preSolution
		Debug|x64 = Debug|x64
		Debug|x86 = Debug|x86
		Release|x64 = Release|x64
		Release|x86 = Release|x86
	EndGlobalSection
	GlobalSection(ProjectConfigurationPlatforms) = postSolution
		{45D25188-7AB8-4490-9DAB-DA9091A5EA08}.Debug|x64.ActiveCfg = Debug|x64
		{45D25188-7AB8-4490-9DAB-DA9091A5EA08}.Debug|x64.Build.0 = Debug|x64
		{45D25188-7AB8-4490-9DAB-DA9091A5EA08}.Debug|x86.ActiveCfg = Debug|Win32
		{45D25188-7AB8-4490-9DAB-DA9091A5EA08}.Debug|x86.Build.0 = Debug|Win32
		{45D25188-7AB8-4490-9DAB-DA9091A5EA08}.Release|x64.ActiveCfg = Release|x64
		{45D25188-7AB8-4490-9DAB-DA9091A5EA08}.Release|x64.Build.0 = Release|x64
		{45D25188-7AB8-4490-9DAB-DA9091A5EA08}.Release|x86.ActiveCfg = Release|Win32
		{45D25188-7AB8-4490-9DAB-DA9091A5EA08}.Release|x86.Build.0 = Release|Win32
	EndGlobalSection
	GlobalSection(SolutionProperties) = preSolution
		HideSolutionNode = FALSE
	EndGlobalSection
	GlobalSection(ExtensibilityGlobals) = postSolution
		SolutionGuid = {E3340F70-81C0-453F-9859-75712F5910E2}
	EndGlobalSection
EndGlobal
